
Microsoft Visual Studio Solution File, Format Version 12.00
# Visual Studio Version 16
VisualStudioVersion = 16.0.29519.87
MinimumVisualStudioVersion = 10.0.40219.1
Project("{FAE04EC0-301F-11D3-BF4B-00C04F79EFBC}") = "Views", "Views.csproj", "{8054161D-472A-4911-B138-6567B55657A5}"
EndProject
Project("{FAE04EC0-301F-11D3-BF4B-00C04F79EFBC}") = "Models", "Models\Models.csproj", "{023277F5-9426-4E22-AB0C-7B8CA8EFC1F1}"
EndProject
Project("{FAE04EC0-301F-11D3-BF4B-00C04F79EFBC}") = "Presenters", "Presenters\Presenters.csproj", "{ECCA52BA-DC97-40E5-83C3-ADFAA307031B}"
EndProject
Global
	GlobalSection(SolutionConfigurationPlatforms) = preSolution
		Debug|Any CPU = Debug|Any CPU
		Release|Any CPU = Release|Any CPU
	EndGlobalSection
	GlobalSection(ProjectConfigurationPlatforms) = postSolution
		{8054161D-472A-4911-B138-6567B55657A5}.Debug|Any CPU.ActiveCfg = Debug|Any CPU
		{8054161D-472A-4911-B138-6567B55657A5}.Debug|Any CPU.Build.0 = Debug|Any CPU
		{8054161D-472A-4911-B138-6567B55657A5}.Release|Any CPU.ActiveCfg = Release|Any CPU
		{8054161D-472A-4911-B138-6567B55657A5}.Release|Any CPU.Build.0 = Release|Any CPU
		{023277F5-9426-4E22-AB0C-7B8CA8EFC1F1}.Debug|Any CPU.ActiveCfg = Debug|Any CPU
		{023277F5-9426-4E22-AB0C-7B8CA8EFC1F1}.Debug|Any CPU.Build.0 = Debug|Any CPU
		{023277F5-9426-4E22-AB0C-7B8CA8EFC1F1}.Release|Any CPU.ActiveCfg = Release|Any CPU
		{023277F5-9426-4E22-AB0C-7B8CA8EFC1F1}.Release|Any CPU.Build.0 = Release|Any CPU
		{ECCA52BA-DC97-40E5-83C3-ADFAA307031B}.Debug|Any CPU.ActiveCfg = Debug|Any CPU
		{ECCA52BA-DC97-40E5-83C3-ADFAA307031B}.Debug|Any CPU.Build.0 = Debug|Any CPU
		{ECCA52BA-DC97-40E5-83C3-ADFAA307031B}.Release|Any CPU.ActiveCfg = Release|Any CPU
		{ECCA52BA-DC97-40E5-83C3-ADFAA307031B}.Release|Any CPU.Build.0 = Release|Any CPU
	EndGlobalSection
	GlobalSection(SolutionProperties) = preSolution
		HideSolutionNode = FALSE
	EndGlobalSection
	GlobalSection(ExtensibilityGlobals) = postSolution
		SolutionGuid = {65922FDF-1F51-43C0-A806-795E2B231E27}
	EndGlobalSection
EndGlobal
